
Microsoft Visual Studio Solution File, Format Version 12.00
# Visual Studio 2013
VisualStudioVersion = 12.0.21005.1
MinimumVisualStudioVersion = 10.0.40219.1
Project("{9092AA53-FB77-4645-B42D-1CCCA6BD08BD}") = "taco-lib", "taco-lib\taco-lib.njsproj", "{E0E741E6-BB4C-4CC6-BDD9-29B2B87D580B}"
EndProject
Global
	GlobalSection(SolutionConfigurationPlatforms) = preSolution
		Debug|Any CPU = Debug|Any CPU
		Release|Any CPU = Release|Any CPU
	EndGlobalSection
	GlobalSection(ProjectConfigurationPlatforms) = postSolution
		{E0E741E6-BB4C-4CC6-BDD9-29B2B87D580B}.Debug|Any CPU.ActiveCfg = Debug|Any CPU
		{E0E741E6-BB4C-4CC6-BDD9-29B2B87D580B}.Debug|Any CPU.Build.0 = Debug|Any CPU
		{E0E741E6-BB4C-4CC6-BDD9-29B2B87D580B}.Release|Any CPU.ActiveCfg = Release|Any CPU
		{E0E741E6-BB4C-4CC6-BDD9-29B2B87D580B}.Release|Any CPU.Build.0 = Release|Any CPU
	EndGlobalSection
	GlobalSection(SolutionProperties) = preSolution
		HideSolutionNode = FALSE
	EndGlobalSection
EndGlobal
