
Microsoft Visual Studio Solution File, Format Version 12.00
# Visual Studio 2013
VisualStudioVersion = 12.0.31101.0
MinimumVisualStudioVersion = 10.0.40219.1
Project("{9092AA53-FB77-4645-B42D-1CCCA6BD08BD}") = "vs-mda-client", "vs-mda-client\vs-mda-client.njsproj", "{02695EE3-2D7E-4935-BDB0-C2E53A84C95A}"
EndProject
Global
	GlobalSection(SolutionConfigurationPlatforms) = preSolution
		Debug|Any CPU = Debug|Any CPU
		Release|Any CPU = Release|Any CPU
	EndGlobalSection
	GlobalSection(ProjectConfigurationPlatforms) = postSolution
		{02695EE3-2D7E-4935-BDB0-C2E53A84C95A}.Debug|Any CPU.ActiveCfg = Debug|Any CPU
		{02695EE3-2D7E-4935-BDB0-C2E53A84C95A}.Debug|Any CPU.Build.0 = Debug|Any CPU
		{02695EE3-2D7E-4935-BDB0-C2E53A84C95A}.Release|Any CPU.ActiveCfg = Release|Any CPU
		{02695EE3-2D7E-4935-BDB0-C2E53A84C95A}.Release|Any CPU.Build.0 = Release|Any CPU
	EndGlobalSection
	GlobalSection(SolutionProperties) = preSolution
		HideSolutionNode = FALSE
	EndGlobalSection
EndGlobal
